PODS:
  - AliLogHub (5.0.2):
    - FMDB/standard (~> 2.7.0)
  - FMDB/standard (2.7.5)

DEPENDENCIES:
  - AliLogHub (from `../AliLogHub.podspec`)

SPEC REPOS:
  https://github.com/CocoaPods/Specs.git:
    - FMDB

EXTERNAL SOURCES:
  AliLogHub:
    :path: "../AliLogHub.podspec"

SPEC CHECKSUMS:
  AliLogHub: 9c5d1f9192010a9df428ad6062c7016e288dec0f
  FMDB: 2ce00b547f966261cd18927a3ddb07cb6f3db82a

PODFILE CHECKSUM: e85cabce1aa46a215ee6b13bd876a86ec998123a

COCOAPODS: 1.8.4
